# This file is autogenerated, do not edit; changes may be undone by the next 'dep ensure'.


[[projects]]
  branch = "master"
  name = "github.com/hlts2/lock-free"
  packages = ["."]
  revision = "df59f3adb0c5b93c495c02a0201510d1ce4dca1d"

[solve-meta]
  analyzer-name = "dep"
  analyzer-version = 1
  inputs-digest = "14d99e3182a62aba52639110bf55dae4b4b4a95c826849be1266ee13a0fe9d2a"
  solver-name = "gps-cdcl"
  solver-version = 1
